// !$*UTF8*$!
{
	archiveVersion = 1;
	classes = {
	};
	objectVersion = 46;
	objects = {

/* Begin PBXBuildFile section */
		ABA8E7C21CD120AA002D8B0B /* AppDelegate.swift in Sources */ = {isa = PBXBuildFile; fileRef = ABA8E7C11CD120AA002D8B0B /* AppDelegate.swift */; };
		ABA8E7C41CD120AA002D8B0B /* ViewController.swift in Sources */ = {isa = PBXBuildFile; fileRef = ABA8E7C31CD120AA002D8B0B /* ViewController.swift */; };
		ABA8E7C71CD120AA002D8B0B /* Main.storyboard in Resources */ = {isa = PBXBuildFile; fileRef = ABA8E7C51CD120AA002D8B0B /* Main.storyboard */; };
		ABA8E7C91CD120AA002D8B0B /* Assets.xcassets in Resources */ = {isa = PBXBuildFile; fileRef = ABA8E7C81CD120AA002D8B0B /* Assets.xcassets */; };
		ABA8E7CC1CD120AA002D8B0B /* LaunchScreen.storyboard in Resources */ = {isa = PBXBuildFile; fileRef = ABA8E7CA1CD120AA002D8B0B /* LaunchScreen.storyboard */; };
		ABA8E7D71CD120AA002D8B0B /* MaterialAnimationTests.swift in Sources */ = {isa = PBXBuildFile; fileRef = ABA8E7D61CD120AA002D8B0B /* MaterialAnimationTests.swift */; };
		ABA8E7E21CD120AA002D8B0B /* MaterialAnimationUITests.swift in Sources */ = {isa = PBXBuildFile; fileRef = ABA8E7E11CD120AA002D8B0B /* MaterialAnimationUITests.swift */; };
/* End PBXBuildFile section */

/* Begin PBXContainerItemProxy section */
		ABA8E7D31CD120AA002D8B0B /* PBXContainerItemProxy */ = {
			isa = PBXContainerItemProxy;
			containerPortal = ABA8E7B61CD120AA002D8B0B /* Project object */;
			proxyType = 1;
			remoteGlobalIDString = ABA8E7BD1CD120AA002D8B0B;
			remoteInfo = MaterialAnimation;
		};
		ABA8E7DE1CD120AA002D8B0B /* PBXContainerItemProxy */ = {
			isa = PBXContainerItemProxy;
			containerPortal = ABA8E7B61CD120AA002D8B0B /* Project object */;
			proxyType = 1;
			remoteGlobalIDString = ABA8E7BD1CD120AA002D8B0B;
			remoteInfo = MaterialAnimation;
		};
/* End PBXContainerItemProxy section */

/* Begin PBXFileReference section */
		ABA8E7BE1CD120AA002D8B0B /* MaterialAnimation.app */ = {isa = PBXFileReference; explicitFileType = wrapper.application; includeInIndex = 0; path = MaterialAnimation.app; sourceTree = BUILT_PRODUCTS_DIR; };
		ABA8E7C11CD120AA002D8B0B /* AppDelegate.swift */ = {isa = PBXFileReference; lastKnownFileType = sourcecode.swift; path = AppDelegate.swift; sourceTree = "<group>"; };
		ABA8E7C31CD120AA002D8B0B /* ViewController.swift */ = {isa = PBXFileReference; lastKnownFileType = sourcecode.swift; path = ViewController.swift; sourceTree = "<group>"; };
		ABA8E7C61CD120AA002D8B0B /* Base */ = {isa = PBXFileReference; lastKnownFileType = file.storyboard; name = Base; path = Base.lproj/Main.storyboard; sourceTree = "<group>"; };
		ABA8E7C81CD120AA002D8B0B /* Assets.xcassets */ = {isa = PBXFileReference; lastKnownFileType = folder.assetcatalog; path = Assets.xcassets; sourceTree = "<group>"; };
		ABA8E7CB1CD120AA002D8B0B /* Base */ = {isa = PBXFileReference; lastKnownFileType = file.storyboard; name = Base; path = Base.lproj/LaunchScreen.storyboard; sourceTree = "<group>"; };
		ABA8E7CD1CD120AA002D8B0B /* Info.plist */ = {isa = PBXFileReference; lastKnownFileType = text.plist.xml; path = Info.plist; sourceTree = "<group>"; };
		ABA8E7D21CD120AA002D8B0B /* MaterialAnimationTests.xctest */ = {isa = PBXFileReference; explicitFileType = wrapper.cfbundle; includeInIndex = 0; path = MaterialAnimationTests.xctest; sourceTree = BUILT_PRODUCTS_DIR; };
		ABA8E7D61CD120AA002D8B0B /* MaterialAnimationTests.swift */ = {isa = PBXFileReference; lastKnownFileType = sourcecode.swift; path = MaterialAnimationTests.swift; sourceTree = "<group>"; };
		ABA8E7D81CD120AA002D8B0B /* Info.plist */ = {isa = PBXFileReference; lastKnownFileType = text.plist.xml; path = Info.plist; sourceTree = "<group>"; };
		ABA8E7DD1CD120AA002D8B0B /* MaterialAnimationUITests.xctest */ = {isa = PBXFileReference; explicitFileType = wrapper.cfbundle; includeInIndex = 0; path = MaterialAnimationUITests.xctest; sourceTree = BUILT_PRODUCTS_DIR; };
		ABA8E7E11CD120AA002D8B0B /* MaterialAnimationUITests.swift */ = {isa = PBXFileReference; lastKnownFileType = sourcecode.swift; path = MaterialAnimationUITests.swift; sourceTree = "<group>"; };
		ABA8E7E31CD120AA002D8B0B /* Info.plist */ = {isa = PBXFileReference; lastKnownFileType = text.plist.xml; path = Info.plist; sourceTree = "<group>"; };
/* End PBXFileReference section */

/* Begin PBXFrameworksBuildPhase section */
		ABA8E7BB1CD120AA002D8B0B /* Frameworks */ = {
			isa = PBXFrameworksBuildPhase;
			buildActionMask = 2147483647;
			files = (
			);
			runOnlyForDeploymentPostprocessing = 0;
		};
		ABA8E7CF1CD120AA002D8B0B /* Frameworks */ = {
			isa = PBXFrameworksBuildPhase;
			buildActionMask = 2147483647;
			files = (
			);
			runOnlyForDeploymentPostprocessing = 0;
		};
		ABA8E7DA1CD120AA002D8B0B /* Frameworks */ = {
			isa = PBXFrameworksBuildPhase;
			buildActionMask = 2147483647;
			files = (
			);
			runOnlyForDeploymentPostprocessing = 0;
		};
/* End PBXFrameworksBuildPhase section */

/* Begin PBXGroup section */
		ABA8E7B51CD120AA002D8B0B = {
			isa = PBXGroup;
			children = (
				ABA8E7C01CD120AA002D8B0B /* MaterialAnimation */,
				ABA8E7D51CD120AA002D8B0B /* MaterialAnimationTests */,
				ABA8E7E01CD120AA002D8B0B /* MaterialAnimationUITests */,
				ABA8E7BF1CD120AA002D8B0B /* Products */,
			);
			sourceTree = "<group>";
		};
		ABA8E7BF1CD120AA002D8B0B /* Products */ = {
			isa = PBXGroup;
			children = (
				ABA8E7BE1CD120AA002D8B0B /* MaterialAnimation.app */,
				ABA8E7D21CD120AA002D8B0B /* MaterialAnimationTests.xctest */,
				ABA8E7DD1CD120AA002D8B0B /* MaterialAnimationUITests.xctest */,
			);
			name = Products;
			sourceTree = "<group>";
		};
		ABA8E7C01CD120AA002D8B0B /* MaterialAnimation */ = {
			isa = PBXGroup;
			children = (
				ABA8E7C11CD120AA002D8B0B /* AppDelegate.swift */,
				ABA8E7C31CD120AA002D8B0B /* ViewController.swift */,
				ABA8E7C51CD120AA002D8B0B /* Main.storyboard */,
				ABA8E7C81CD120AA002D8B0B /* Assets.xcassets */,
				ABA8E7CA1CD120AA002D8B0B /* LaunchScreen.storyboard */,
				ABA8E7CD1CD120AA002D8B0B /* Info.plist */,
			);
			path = MaterialAnimation;
			sourceTree = "<group>";
		};
		ABA8E7D51CD120AA002D8B0B /* MaterialAnimationTests */ = {
			isa = PBXGroup;
			children = (
				ABA8E7D61CD120AA002D8B0B /* MaterialAnimationTests.swift */,
				ABA8E7D81CD120AA002D8B0B /* Info.plist */,
			);
			path = MaterialAnimationTests;
			sourceTree = "<group>";
		};
		ABA8E7E01CD120AA002D8B0B /* MaterialAnimationUITests */ = {
			isa = PBXGroup;
			children = (
				ABA8E7E11CD120AA002D8B0B /* MaterialAnimationUITests.swift */,
				ABA8E7E31CD120AA002D8B0B /* Info.plist */,
			);
			path = MaterialAnimationUITests;
			sourceTree = "<group>";
		};
/* End PBXGroup section */

/* Begin PBXNativeTarget section */
		ABA8E7BD1CD120AA002D8B0B /* MaterialAnimation */ = {
			isa = PBXNativeTarget;
			buildConfigurationList = ABA8E7E61CD120AA002D8B0B /* Build configuration list for PBXNativeTarget "MaterialAnimation" */;
			buildPhases = (
				ABA8E7BA1CD120AA002D8B0B /* Sources */,
				ABA8E7BB1CD120AA002D8B0B /* Frameworks */,
				ABA8E7BC1CD120AA002D8B0B /* Resources */,
			);
			buildRules = (
			);
			dependencies = (
			);
			name = MaterialAnimation;
			productName = MaterialAnimation;
			productReference = ABA8E7BE1CD120AA002D8B0B /* MaterialAnimation.app */;
			productType = "com.apple.product-type.application";
		};
		ABA8E7D11CD120AA002D8B0B /* MaterialAnimationTests */ = {
			isa = PBXNativeTarget;
			buildConfigurationList = ABA8E7E91CD120AA002D8B0B /* Build configuration list for PBXNativeTarget "MaterialAnimationTests" */;
			buildPhases = (
				ABA8E7CE1CD120AA002D8B0B /* Sources */,
				ABA8E7CF1CD120AA002D8B0B /* Frameworks */,
				ABA8E7D01CD120AA002D8B0B /* Resources */,
			);
			buildRules = (
			);
			dependencies = (
				ABA8E7D41CD120AA002D8B0B /* PBXTargetDependency */,
			);
			name = MaterialAnimationTests;
			productName = MaterialAnimationTests;
			productReference = ABA8E7D21CD120AA002D8B0B /* MaterialAnimationTests.xctest */;
			productType = "com.apple.product-type.bundle.unit-test";
		};
		ABA8E7DC1CD120AA002D8B0B /* MaterialAnimationUITests */ = {
			isa = PBXNativeTarget;
			buildConfigurationList = ABA8E7EC1CD120AA002D8B0B /* Build configuration list for PBXNativeTarget "MaterialAnimationUITests" */;
			buildPhases = (
				ABA8E7D91CD120AA002D8B0B /* Sources */,
				ABA8E7DA1CD120AA002D8B0B /* Frameworks */,
				ABA8E7DB1CD120AA002D8B0B /* Resources */,
			);
			buildRules = (
			);
			dependencies = (
				ABA8E7DF1CD120AA002D8B0B /* PBXTargetDependency */,
			);
			name = MaterialAnimationUITests;
			productName = MaterialAnimationUITests;
			productReference = ABA8E7DD1CD120AA002D8B0B /* MaterialAnimationUITests.xctest */;
			productType = "com.apple.product-type.bundle.ui-testing";
		};
/* End PBXNativeTarget section */

/* Begin PBXProject section */
		ABA8E7B61CD120AA002D8B0B /* Project object */ = {
			isa = PBXProject;
			attributes = {
				LastSwiftUpdateCheck = 0730;
				LastUpgradeCheck = 0730;
				ORGANIZATIONNAME = minsang;
				TargetAttributes = {
					ABA8E7BD1CD120AA002D8B0B = {
						CreatedOnToolsVersion = 7.3;
						DevelopmentTeam = 66X955TH34;
					};
					ABA8E7D11CD120AA002D8B0B = {
						CreatedOnToolsVersion = 7.3;
						DevelopmentTeam = 66X955TH34;
						TestTargetID = ABA8E7BD1CD120AA002D8B0B;
					};
					ABA8E7DC1CD120AA002D8B0B = {
						CreatedOnToolsVersion = 7.3;
						DevelopmentTeam = 66X955TH34;
						TestTargetID = ABA8E7BD1CD120AA002D8B0B;
					};
				};
			};
			buildConfigurationList = ABA8E7B91CD120AA002D8B0B /* Build configuration list for PBXProject "MaterialAnimation" */;
			compatibilityVersion = "Xcode 3.2";
			developmentRegion = English;
			hasScannedForEncodings = 0;
			knownRegions = (
				en,
				Base,
			);
			mainGroup = ABA8E7B51CD120AA002D8B0B;
			productRefGroup = ABA8E7BF1CD120AA002D8B0B /* Products */;
			projectDirPath = "";
			projectRoot = "";
			targets = (
				ABA8E7BD1CD120AA002D8B0B /* MaterialAnimation */,
				ABA8E7D11CD120AA002D8B0B /* MaterialAnimationTests */,
				ABA8E7DC1CD120AA002D8B0B /* MaterialAnimationUITests */,
			);
		};
/* End PBXProject section */

/* Begin PBXResourcesBuildPhase section */
		ABA8E7BC1CD120AA002D8B0B /* Resources */ = {
			isa = PBXResourcesBuildPhase;
			buildActionMask = 2147483647;
			files = (
				ABA8E7CC1CD120AA002D8B0B /* LaunchScreen.storyboard in Resources */,
				ABA8E7C91CD120AA002D8B0B /* Assets.xcassets in Resources */,
				ABA8E7C71CD120AA002D8B0B /* Main.storyboard in Resources */,
			);
			runOnlyForDeploymentPostprocessing = 0;
		};
		ABA8E7D01CD120AA002D8B0B /* Resources */ = {
			isa = PBXResourcesBuildPhase;
			buildActionMask = 2147483647;
			files = (
			);
			runOnlyForDeploymentPostprocessing = 0;
		};
		ABA8E7DB1CD120AA002D8B0B /* Resources */ = {
			isa = PBXResourcesBuildPhase;
			buildActionMask = 2147483647;
			files = (
			);
			runOnlyForDeploymentPostprocessing = 0;
		};
/* End PBXResourcesBuildPhase section */

/* Begin PBXSourcesBuildPhase section */
		ABA8E7BA1CD120AA002D8B0B /* Sources */ = {
			isa = PBXSourcesBuildPhase;
			buildActionMask = 2147483647;
			files = (
				ABA8E7C41CD120AA002D8B0B /* ViewController.swift in Sources */,
				ABA8E7C21CD120AA002D8B0B /* AppDelegate.swift in Sources */,
			);
			runOnlyForDeploymentPostprocessing = 0;
		};
		ABA8E7CE1CD120AA002D8B0B /* Sources */ = {
			isa = PBXSourcesBuildPhase;
			buildActionMask = 2147483647;
			files = (
				ABA8E7D71CD120AA002D8B0B /* MaterialAnimationTests.swift in Sources */,
			);
			runOnlyForDeploymentPostprocessing = 0;
		};
		ABA8E7D91CD120AA002D8B0B /* Sources */ = {
			isa = PBXSourcesBuildPhase;
			buildActionMask = 2147483647;
			files = (
				ABA8E7E21CD120AA002D8B0B /* MaterialAnimationUITests.swift in Sources */,
			);
			runOnlyForDeploymentPostprocessing = 0;
		};
/* End PBXSourcesBuildPhase section */

/* Begin PBXTargetDependency section */
		ABA8E7D41CD120AA002D8B0B /* PBXTargetDependency */ = {
			isa = PBXTargetDependency;
			target = ABA8E7BD1CD120AA002D8B0B /* MaterialAnimation */;
			targetProxy = ABA8E7D31CD120AA002D8B0B /* PBXContainerItemProxy */;
		};
		ABA8E7DF1CD120AA002D8B0B /* PBXTargetDependency */ = {
			isa = PBXTargetDependency;
			target = ABA8E7BD1CD120AA002D8B0B /* MaterialAnimation */;
			targetProxy = ABA8E7DE1CD120AA002D8B0B /* PBXContainerItemProxy */;
		};
/* End PBXTargetDependency section */

/* Begin PBXVariantGroup section */
		ABA8E7C51CD120AA002D8B0B /* Main.storyboard */ = {
			isa = PBXVariantGroup;
			children = (
				ABA8E7C61CD120AA002D8B0B /* Base */,
			);
			name = Main.storyboard;
			sourceTree = "<group>";
		};
		ABA8E7CA1CD120AA002D8B0B /* LaunchScreen.storyboard */ = {
			isa = PBXVariantGroup;
			children = (
				ABA8E7CB1CD120AA002D8B0B /* Base */,
			);
			name = LaunchScreen.storyboard;
			sourceTree = "<group>";
		};
/* End PBXVariantGroup section */

/* Begin XCBuildConfiguration section */
		ABA8E7E41CD120AA002D8B0B /* Debug */ = {
			isa = XCBuildConfiguration;
			buildSettings = {
				ALWAYS_SEARCH_USER_PATHS = NO;
				CLANG_ANALYZER_NONNULL = YES;
				CLANG_CXX_LANGUAGE_STANDARD = "gnu++0x";
				CLANG_CXX_LIBRARY = "libc++";
				CLANG_ENABLE_MODULES = YES;
				CLANG_ENABLE_OBJC_ARC = YES;
				CLANG_WARN_BOOL_CONVERSION = YES;
				CLANG_WARN_CONSTANT_CONVERSION = YES;
				CLANG_WARN_DIRECT_OBJC_ISA_USAGE = YES_ERROR;
				CLANG_WARN_EMPTY_BODY = YES;
				CLANG_WARN_ENUM_CONVERSION = YES;
				CLANG_WARN_INT_CONVERSION = YES;
				CLANG_WARN_OBJC_ROOT_CLASS = YES_ERROR;
				CLANG_WARN_UNREACHABLE_CODE = YES;
				CLANG_WARN__DUPLICATE_METHOD_MATCH = YES;
				"CODE_SIGN_IDENTITY[sdk=iphoneos*]" = "iPhone Developer";
				COPY_PHASE_STRIP = NO;
				DEBUG_INFORMATION_FORMAT = dwarf;
				ENABLE_STRICT_OBJC_MSGSEND = YES;
				ENABLE_TESTABILITY = YES;
				GCC_C_LANGUAGE_STANDARD = gnu99;
				GCC_DYNAMIC_NO_PIC = NO;
				GCC_NO_COMMON_BLOCKS = YES;
				GCC_OPTIMIZATION_LEVEL = 0;
				GCC_PREPROCESSOR_DEFINITIONS = (
					"DEBUG=1",
					"$(inherited)",
				);
				GCC_WARN_64_TO_32_BIT_CONVERSION = YES;
				GCC_WARN_ABOUT_RETURN_TYPE = YES_ERROR;
				GCC_WARN_UNDECLARED_SELECTOR = YES;
				GCC_WARN_UNINITIALIZED_AUTOS = YES_AGGRESSIVE;
				GCC_WARN_UNUSED_FUNCTION = YES;
				GCC_WARN_UNUSED_VARIABLE = YES;
				IPHONEOS_DEPLOYMENT_TARGET = 9.3;
				MTL_ENABLE_DEBUG_INFO = YES;
				ONLY_ACTIVE_ARCH = YES;
				SDKROOT = iphoneos;
				SWIFT_OPTIMIZATION_LEVEL = "-Onone";
			};
			name = Debug;
		};
		ABA8E7E51CD120AA002D8B0B /* Release */ = {
			isa = XCBuildConfiguration;
			buildSettings = {
				ALWAYS_SEARCH_USER_PATHS = NO;
				CLANG_ANALYZER_NONNULL = YES;
				CLANG_CXX_LANGUAGE_STANDARD = "gnu++0x";
				CLANG_CXX_LIBRARY = "libc++";
				CLANG_ENABLE_MODULES = YES;
				CLANG_ENABLE_OBJC_ARC = YES;
				CLANG_WARN_BOOL_CONVERSION = YES;
				CLANG_WARN_CONSTANT_CONVERSION = YES;
				CLANG_WARN_DIRECT_OBJC_ISA_USAGE = YES_ERROR;
				CLANG_WARN_EMPTY_BODY = YES;
				CLANG_WARN_ENUM_CONVERSION = YES;
				CLANG_WARN_INT_CONVERSION = YES;
				CLANG_WARN_OBJC_ROOT_CLASS = YES_ERROR;
				CLANG_WARN_UNREACHABLE_CODE = YES;
				CLANG_WARN__DUPLICATE_METHOD_MATCH = YES;
				"CODE_SIGN_IDENTITY[sdk=iphoneos*]" = "iPhone Developer";
				COPY_PHASE_STRIP = NO;
				DEBUG_INFORMATION_FORMAT = "dwarf-with-dsym";
				ENABLE_NS_ASSERTIONS = NO;
				ENABLE_STRICT_OBJC_MSGSEND = YES;
				GCC_C_LANGUAGE_STANDARD = gnu99;
				GCC_NO_COMMON_BLOCKS = YES;
				GCC_WARN_64_TO_32_BIT_CONVERSION = YES;
				GCC_WARN_ABOUT_RETURN_TYPE = YES_ERROR;
				GCC_WARN_UNDECLARED_SELECTOR = YES;
				GCC_WARN_UNINITIALIZED_AUTOS = YES_AGGRESSIVE;
				GCC_WARN_UNUSED_FUNCTION = YES;
				GCC_WARN_UNUSED_VARIABLE = YES;
				IPHONEOS_DEPLOYMENT_TARGET = 9.3;
				MTL_ENABLE_DEBUG_INFO = NO;
				SDKROOT = iphoneos;
				VALIDATE_PRODUCT = YES;
			};
			name = Release;
		};
		ABA8E7E71CD120AA002D8B0B /* Debug */ = {
			isa = XCBuildConfiguration;
			buildSettings = {
				ASSETCATALOG_COMPILER_APPICON_NAME = AppIcon;
				INFOPLIST_FILE = MaterialAnimation/Info.plist;
				LD_RUNPATH_SEARCH_PATHS = "$(inherited) @executable_path/Frameworks";
				PRODUCT_BUNDLE_IDENTIFIER = swtest.MaterialAnimation;
				PRODUCT_NAME = "$(TARGET_NAME)";
			};
			name = Debug;
		};
		ABA8E7E81CD120AA002D8B0B /* Release */ = {
			isa = XCBuildConfiguration;
			buildSettings = {
				ASSETCATALOG_COMPILER_APPICON_NAME = AppIcon;
				INFOPLIST_FILE = MaterialAnimation/Info.plist;
				LD_RUNPATH_SEARCH_PATHS = "$(inherited) @executable_path/Frameworks";
				PRODUCT_BUNDLE_IDENTIFIER = swtest.MaterialAnimation;
				PRODUCT_NAME = "$(TARGET_NAME)";
			};
			name = Release;
		};
		ABA8E7EA1CD120AA002D8B0B /* Debug */ = {
			isa = XCBuildConfiguration;
			buildSettings = {
				BUNDLE_LOADER = "$(TEST_HOST)";
				INFOPLIST_FILE = MaterialAnimationTests/Info.plist;
				LD_RUNPATH_SEARCH_PATHS = "$(inherited) @executable_path/Frameworks @loader_path/Frameworks";
				PRODUCT_BUNDLE_IDENTIFIER = swtest.MaterialAnimationTests;
				PRODUCT_NAME = "$(TARGET_NAME)";
				TEST_HOST = "$(BUILT_PRODUCTS_DIR)/MaterialAnimation.app/MaterialAnimation";
			};
			name = Debug;
		};
		ABA8E7EB1CD120AA002D8B0B /* Release */ = {
			isa = XCBuildConfiguration;
			buildSettings = {
				BUNDLE_LOADER = "$(TEST_HOST)";
				INFOPLIST_FILE = MaterialAnimationTests/Info.plist;
				LD_RUNPATH_SEARCH_PATHS = "$(inherited) @executable_path/Frameworks @loader_path/Frameworks";
				PRODUCT_BUNDLE_IDENTIFIER = swtest.MaterialAnimationTests;
				PRODUCT_NAME = "$(TARGET_NAME)";
				TEST_HOST = "$(BUILT_PRODUCTS_DIR)/MaterialAnimation.app/MaterialAnimation";
			};
			name = Release;
		};
		ABA8E7ED1CD120AA002D8B0B /* Debug */ = {
			isa = XCBuildConfiguration;
			buildSettings = {
				INFOPLIST_FILE = MaterialAnimationUITests/Info.plist;
				LD_RUNPATH_SEARCH_PATHS = "$(inherited) @executable_path/Frameworks @loader_path/Frameworks";
				PRODUCT_BUNDLE_IDENTIFIER = swtest.MaterialAnimationUITests;
				PRODUCT_NAME = "$(TARGET_NAME)";
				TEST_TARGET_NAME = MaterialAnimation;
			};
			name = Debug;
		};
		ABA8E7EE1CD120AA002D8B0B /* Release */ = {
			isa = XCBuildConfiguration;
			buildSettings = {
				INFOPLIST_FILE = MaterialAnimationUITests/Info.plist;
				LD_RUNPATH_SEARCH_PATHS = "$(inherited) @executable_path/Frameworks @loader_path/Frameworks";
				PRODUCT_BUNDLE_IDENTIFIER = swtest.MaterialAnimationUITests;
				PRODUCT_NAME = "$(TARGET_NAME)";
				TEST_TARGET_NAME = MaterialAnimation;
			};
			name = Release;
		};
/* End XCBuildConfiguration section */

/* Begin XCConfigurationList section */
		ABA8E7B91CD120AA002D8B0B /* Build configuration list for PBXProject "MaterialAnimation" */ = {
			isa = XCConfigurationList;
			buildConfigurations = (
				ABA8E7E41CD120AA002D8B0B /* Debug */,
				ABA8E7E51CD120AA002D8B0B /* Release */,
			);
			defaultConfigurationIsVisible = 0;
			defaultConfigurationName = Release;
		};
		ABA8E7E61CD120AA002D8B0B /* Build configuration list for PBXNativeTarget "MaterialAnimation" */ = {
			isa = XCConfigurationList;
			buildConfigurations = (
				ABA8E7E71CD120AA002D8B0B /* Debug */,
				ABA8E7E81CD120AA002D8B0B /* Release */,
			);
			defaultConfigurationIsVisible = 0;
		};
		ABA8E7E91CD120AA002D8B0B /* Build configuration list for PBXNativeTarget "MaterialAnimationTests" */ = {
			isa = XCConfigurationList;
			buildConfigurations = (
				ABA8E7EA1CD120AA002D8B0B /* Debug */,
				ABA8E7EB1CD120AA002D8B0B /* Release */,
			);
			defaultConfigurationIsVisible = 0;
		};
		ABA8E7EC1CD120AA002D8B0B /* Build configuration list for PBXNativeTarget "MaterialAnimationUITests" */ = {
			isa = XCConfigurationList;
			buildConfigurations = (
				ABA8E7ED1CD120AA002D8B0B /* Debug */,
				ABA8E7EE1CD120AA002D8B0B /* Release */,
			);
			defaultConfigurationIsVisible = 0;
		};
/* End XCConfigurationList section */
	};
	rootObject = ABA8E7B61CD120AA002D8B0B /* Project object */;
}
